
Microsoft Visual Studio Solution File, Format Version 12.00
# Visual Studio Version 17
VisualStudioVersion = 17.9.34622.214
MinimumVisualStudioVersion = 10.0.40219.1
Project("{9A19103F-16F7-4668-BE54-9A1E7A4F7556}") = "MetinMertBiyikoglu", "WinFormsApp1\MetinMertBiyikoglu.csproj", "{0B0EBC1F-9D83-4899-A734-A93DE27FF19D}"
EndProject
Global
	GlobalSection(SolutionConfigurationPlatforms) = preSolution
		Debug|Any CPU = Debug|Any CPU
		Release|Any CPU = Release|Any CPU
	EndGlobalSection
	GlobalSection(ProjectConfigurationPlatforms) = postSolution
		{0B0EBC1F-9D83-4899-A734-A93DE27FF19D}.Debug|Any CPU.ActiveCfg = Debug|Any CPU
		{0B0EBC1F-9D83-4899-A734-A93DE27FF19D}.Debug|Any CPU.Build.0 = Debug|Any CPU
		{0B0EBC1F-9D83-4899-A734-A93DE27FF19D}.Release|Any CPU.ActiveCfg = Release|Any CPU
		{0B0EBC1F-9D83-4899-A734-A93DE27FF19D}.Release|Any CPU.Build.0 = Release|Any CPU
	EndGlobalSection
	GlobalSection(SolutionProperties) = preSolution
		HideSolutionNode = FALSE
	EndGlobalSection
	GlobalSection(ExtensibilityGlobals) = postSolution
		SolutionGuid = {2E7E61EF-7EF1-4FC8-9EEA-FC2D91D5F9C5}
	EndGlobalSection
EndGlobal
